
Microsoft Visual Studio Solution File, Format Version 12.00
# Visual Studio Version 16
VisualStudioVersion = 16.0.33130.400
MinimumVisualStudioVersion = 10.0.40219.1
Project("{9A19103F-16F7-4668-BE54-9A1E7A4F7556}") = "ConsoleApp4", "ConsoleApp4.csproj", "{5EC67430-680B-47D8-B3A0-CAB5CF42354F}"
EndProject
Global
	GlobalSection(SolutionConfigurationPlatforms) = preSolution
		Debug|Any CPU = Debug|Any CPU
		Release|Any CPU = Release|Any CPU
	EndGlobalSection
	GlobalSection(ProjectConfigurationPlatforms) = postSolution
		{5EC67430-680B-47D8-B3A0-CAB5CF42354F}.Debug|Any CPU.ActiveCfg = Debug|Any CPU
		{5EC67430-680B-47D8-B3A0-CAB5CF42354F}.Debug|Any CPU.Build.0 = Debug|Any CPU
		{5EC67430-680B-47D8-B3A0-CAB5CF42354F}.Release|Any CPU.ActiveCfg = Release|Any CPU
		{5EC67430-680B-47D8-B3A0-CAB5CF42354F}.Release|Any CPU.Build.0 = Release|Any CPU
	EndGlobalSection
	GlobalSection(SolutionProperties) = preSolution
		HideSolutionNode = FALSE
	EndGlobalSection
	GlobalSection(ExtensibilityGlobals) = postSolution
		SolutionGuid = {AA125CFD-CB04-42E6-9E75-869093765B41}
	EndGlobalSection
EndGlobal
